
Microsoft Visual Studio Solution File, Format Version 12.00
# Visual Studio Version 17
VisualStudioVersion = 17.8.34511.84
MinimumVisualStudioVersion = 10.0.40219.1
Project("{9A19103F-16F7-4668-BE54-9A1E7A4F7556}") = "MyCVWebb", "MyCVWebb\MyCVWebb.csproj", "{483A6743-3D12-4920-8D5D-509EEB547725}"
EndProject
Project("{9A19103F-16F7-4668-BE54-9A1E7A4F7556}") = "MyCvWebb.API", "MyCvWebb.API\MyCvWebb.API.csproj", "{D52EDA47-64C9-41BC-8019-30633FB3442D}"
EndProject
Project("{9A19103F-16F7-4668-BE54-9A1E7A4F7556}") = "MyCVWebb.Library", "MyCVWebb.Library\MyCVWebb.Library.csproj", "{B9D712FF-BFDB-486E-969F-C6DECA086CCE}"
EndProject
Global
	GlobalSection(SolutionConfigurationPlatforms) = preSolution
		Debug|Any CPU = Debug|Any CPU
		Release|Any CPU = Release|Any CPU
	EndGlobalSection
	GlobalSection(ProjectConfigurationPlatforms) = postSolution
		{483A6743-3D12-4920-8D5D-509EEB547725}.Debug|Any CPU.ActiveCfg = Debug|Any CPU
		{483A6743-3D12-4920-8D5D-509EEB547725}.Debug|Any CPU.Build.0 = Debug|Any CPU
		{483A6743-3D12-4920-8D5D-509EEB547725}.Release|Any CPU.ActiveCfg = Release|Any CPU
		{483A6743-3D12-4920-8D5D-509EEB547725}.Release|Any CPU.Build.0 = Release|Any CPU
		{D52EDA47-64C9-41BC-8019-30633FB3442D}.Debug|Any CPU.ActiveCfg = Debug|Any CPU
		{D52EDA47-64C9-41BC-8019-30633FB3442D}.Debug|Any CPU.Build.0 = Debug|Any CPU
		{D52EDA47-64C9-41BC-8019-30633FB3442D}.Release|Any CPU.ActiveCfg = Release|Any CPU
		{D52EDA47-64C9-41BC-8019-30633FB3442D}.Release|Any CPU.Build.0 = Release|Any CPU
		{B9D712FF-BFDB-486E-969F-C6DECA086CCE}.Debug|Any CPU.ActiveCfg = Debug|Any CPU
		{B9D712FF-BFDB-486E-969F-C6DECA086CCE}.Debug|Any CPU.Build.0 = Debug|Any CPU
		{B9D712FF-BFDB-486E-969F-C6DECA086CCE}.Release|Any CPU.ActiveCfg = Release|Any CPU
		{B9D712FF-BFDB-486E-969F-C6DECA086CCE}.Release|Any CPU.Build.0 = Release|Any CPU
	EndGlobalSection
	GlobalSection(SolutionProperties) = preSolution
		HideSolutionNode = FALSE
	EndGlobalSection
	GlobalSection(ExtensibilityGlobals) = postSolution
		SolutionGuid = {CCC26E54-0A1B-48F5-9E5A-7AA19B032020}
	EndGlobalSection
EndGlobal
